Microsoft Visual Studio Solution File, Format Version 11.00
# Visual Studio 2010
Project("{8BC9CEB8-8B4A-11D0-8D11-00A0C91BC942}") = "rpcs3", "rpcs3\rpcs3.vcxproj", "{70CD65B0-91D6-4FAE-9A7B-4AF55D0D1B12}"
	ProjectSection(ProjectDependencies) = postProject
		{12D6E790-81C0-E749-0F4E-F37705F470A9} = {12D6E790-81C0-E749-0F4E-F37705F470A9}
		{FDEBA56D-452A-E6DC-240E-7DA12CEE6FFF} = {FDEBA56D-452A-E6DC-240E-7DA12CEE6FFF}
		{D9FD3FB8-A327-CB31-C735-CBF3A21762AC} = {D9FD3FB8-A327-CB31-C735-CBF3A21762AC}
	EndProjectSection
EndProject
Project("{2150E333-8FDC-42A3-9474-1A3956D46DE8}") = "wxWidgets", "wxWidgets", "{5812E712-6213-4372-B095-9EB9BAA1F2DF}"
EndProject
Project("{8BC9CEB8-8B4A-11D0-8D11-00A0C91BC942}") = "adv", "wxWidgets\build\msw\wx_adv.vcxproj", "{D9FD3FB8-A327-CB31-C735-CBF3A21762AC}"
EndProject
Project("{8BC9CEB8-8B4A-11D0-8D11-00A0C91BC942}") = "aui", "wxWidgets\build\msw\wx_aui.vcxproj", "{657FE675-1261-5296-441E-89393817CF38}"
EndProject
Project("{8BC9CEB8-8B4A-11D0-8D11-00A0C91BC942}") = "base", "wxWidgets\build\msw\wx_base.vcxproj", "{FDEBA56D-452A-E6DC-240E-7DA12CEE6FFF}"
EndProject
Project("{8BC9CEB8-8B4A-11D0-8D11-00A0C91BC942}") = "core", "wxWidgets\build\msw\wx_core.vcxproj", "{12D6E790-81C0-E749-0F4E-F37705F470A9}"
EndProject
Project("{8BC9CEB8-8B4A-11D0-8D11-00A0C91BC942}") = "dbgrid", "wxWidgets\build\msw\wx_dbgrid.vcxproj", "{5708AE02-4BEC-5B56-D647-0A8E21687310}"
EndProject
Project("{8BC9CEB8-8B4A-11D0-8D11-00A0C91BC942}") = "gl", "wxWidgets\build\msw\wx_gl.vcxproj", "{2F0E3951-79E1-26F6-7D03-14E3818500EF}"
EndProject
Project("{8BC9CEB8-8B4A-11D0-8D11-00A0C91BC942}") = "html", "wxWidgets\build\msw\wx_html.vcxproj", "{E0F0394D-0AD6-A041-3E67-2328BF33BF1E}"
EndProject
Project("{8BC9CEB8-8B4A-11D0-8D11-00A0C91BC942}") = "media", "wxWidgets\build\msw\wx_media.vcxproj", "{221985A8-0F25-0C9A-D76A-E21A9F884FE3}"
EndProject
Project("{8BC9CEB8-8B4A-11D0-8D11-00A0C91BC942}") = "net", "wxWidgets\build\msw\wx_net.vcxproj", "{DD2CFB1C-06E6-4B81-F381-432323EEBDEE}"
EndProject
Project("{8BC9CEB8-8B4A-11D0-8D11-00A0C91BC942}") = "odbc", "wxWidgets\build\msw\wx_odbc.vcxproj", "{C5786CB8-9E74-D58B-CADF-ADFC6719C45C}"
EndProject
Project("{8BC9CEB8-8B4A-11D0-8D11-00A0C91BC942}") = "qa", "wxWidgets\build\msw\wx_qa.vcxproj", "{404B7CBF-D33C-789A-A10E-8A0CFADA26B6}"
EndProject
Project("{8BC9CEB8-8B4A-11D0-8D11-00A0C91BC942}") = "richtext", "wxWidgets\build\msw\wx_richtext.vcxproj", "{A8FFD3B6-C5CB-03E7-A112-6C6432955C18}"
EndProject
Project("{8BC9CEB8-8B4A-11D0-8D11-00A0C91BC942}") = "wxexpat", "wxWidgets\build\msw\wx_wxexpat.vcxproj", "{DEC0E015-AB18-D4F3-F412-38A9DDEF5E4A}"
EndProject
Project("{8BC9CEB8-8B4A-11D0-8D11-00A0C91BC942}") = "wxjpeg", "wxWidgets\build\msw\wx_wxjpeg.vcxproj", "{0E2BDF15-48B7-99F6-B119-F776DF63EFB6}"
EndProject
Project("{8BC9CEB8-8B4A-11D0-8D11-00A0C91BC942}") = "wxpng", "wxWidgets\build\msw\wx_wxpng.vcxproj", "{B35C5A34-AC67-CA22-938B-EA3EBB6EF57F}"
EndProject
Project("{8BC9CEB8-8B4A-11D0-8D11-00A0C91BC942}") = "wxregex", "wxWidgets\build\msw\wx_wxregex.vcxproj", "{E6E4CEA6-61D0-9ACA-2945-34255BB33C18}"
EndProject
Project("{8BC9CEB8-8B4A-11D0-8D11-00A0C91BC942}") = "wxtiff", "wxWidgets\build\msw\wx_wxtiff.vcxproj", "{704FF0F7-4E05-04AE-DAFA-87D4D783C7EC}"
EndProject
Project("{8BC9CEB8-8B4A-11D0-8D11-00A0C91BC942}") = "wxzlib", "wxWidgets\build\msw\wx_wxzlib.vcxproj", "{C5910D54-7D4D-959D-99D6-E9BE0B2E12A5}"
EndProject
Project("{8BC9CEB8-8B4A-11D0-8D11-00A0C91BC942}") = "xml", "wxWidgets\build\msw\wx_xml.vcxproj", "{63458664-7C71-2F1C-AF1A-32307038DF31}"
EndProject
Project("{8BC9CEB8-8B4A-11D0-8D11-00A0C91BC942}") = "xrc", "wxWidgets\build\msw\wx_xrc.vcxproj", "{D686EE1C-07E9-3AC0-2C64-C7127DCFF8DE}"
EndProject
Global
	GlobalSection(SolutionConfigurationPlatforms) = preSolution
		Debug|Win32 = Debug|Win32
		Release|Win32 = Release|Win32
	EndGlobalSection
	GlobalSection(ProjectConfigurationPlatforms) = postSolution
		{70CD65B0-91D6-4FAE-9A7B-4AF55D0D1B12}.Debug|Win32.ActiveCfg = Debug|Win32
		{70CD65B0-91D6-4FAE-9A7B-4AF55D0D1B12}.Debug|Win32.Build.0 = Debug|Win32
		{70CD65B0-91D6-4FAE-9A7B-4AF55D0D1B12}.Release|Win32.ActiveCfg = Release|Win32
		{70CD65B0-91D6-4FAE-9A7B-4AF55D0D1B12}.Release|Win32.Build.0 = Release|Win32
		{D9FD3FB8-A327-CB31-C735-CBF3A21762AC}.Debug|Win32.ActiveCfg = Debug|Win32
		{D9FD3FB8-A327-CB31-C735-CBF3A21762AC}.Debug|Win32.Build.0 = Debug|Win32
		{D9FD3FB8-A327-CB31-C735-CBF3A21762AC}.Release|Win32.ActiveCfg = Release|Win32
		{D9FD3FB8-A327-CB31-C735-CBF3A21762AC}.Release|Win32.Build.0 = Release|Win32
		{657FE675-1261-5296-441E-89393817CF38}.Debug|Win32.ActiveCfg = Debug|Win32
		{657FE675-1261-5296-441E-89393817CF38}.Debug|Win32.Build.0 = Debug|Win32
		{657FE675-1261-5296-441E-89393817CF38}.Release|Win32.ActiveCfg = Release|Win32
		{657FE675-1261-5296-441E-89393817CF38}.Release|Win32.Build.0 = Release|Win32
		{FDEBA56D-452A-E6DC-240E-7DA12CEE6FFF}.Debug|Win32.ActiveCfg = Debug|Win32
		{FDEBA56D-452A-E6DC-240E-7DA12CEE6FFF}.Debug|Win32.Build.0 = Debug|Win32
		{FDEBA56D-452A-E6DC-240E-7DA12CEE6FFF}.Release|Win32.ActiveCfg = Release|Win32
		{FDEBA56D-452A-E6DC-240E-7DA12CEE6FFF}.Release|Win32.Build.0 = Release|Win32
		{12D6E790-81C0-E749-0F4E-F37705F470A9}.Debug|Win32.ActiveCfg = Debug|Win32
		{12D6E790-81C0-E749-0F4E-F37705F470A9}.Debug|Win32.Build.0 = Debug|Win32
		{12D6E790-81C0-E749-0F4E-F37705F470A9}.Release|Win32.ActiveCfg = Release|Win32
		{12D6E790-81C0-E749-0F4E-F37705F470A9}.Release|Win32.Build.0 = Release|Win32
		{5708AE02-4BEC-5B56-D647-0A8E21687310}.Debug|Win32.ActiveCfg = Debug|Win32
		{5708AE02-4BEC-5B56-D647-0A8E21687310}.Debug|Win32.Build.0 = Debug|Win32
		{5708AE02-4BEC-5B56-D647-0A8E21687310}.Release|Win32.ActiveCfg = Release|Win32
		{5708AE02-4BEC-5B56-D647-0A8E21687310}.Release|Win32.Build.0 = Release|Win32
		{2F0E3951-79E1-26F6-7D03-14E3818500EF}.Debug|Win32.ActiveCfg = Debug|Win32
		{2F0E3951-79E1-26F6-7D03-14E3818500EF}.Debug|Win32.Build.0 = Debug|Win32
		{2F0E3951-79E1-26F6-7D03-14E3818500EF}.Release|Win32.ActiveCfg = Release|Win32
		{2F0E3951-79E1-26F6-7D03-14E3818500EF}.Release|Win32.Build.0 = Release|Win32
		{E0F0394D-0AD6-A041-3E67-2328BF33BF1E}.Debug|Win32.ActiveCfg = Debug|Win32
		{E0F0394D-0AD6-A041-3E67-2328BF33BF1E}.Debug|Win32.Build.0 = Debug|Win32
		{E0F0394D-0AD6-A041-3E67-2328BF33BF1E}.Release|Win32.ActiveCfg = Release|Win32
		{E0F0394D-0AD6-A041-3E67-2328BF33BF1E}.Release|Win32.Build.0 = Release|Win32
		{221985A8-0F25-0C9A-D76A-E21A9F884FE3}.Debug|Win32.ActiveCfg = Debug|Win32
		{221985A8-0F25-0C9A-D76A-E21A9F884FE3}.Debug|Win32.Build.0 = Debug|Win32
		{221985A8-0F25-0C9A-D76A-E21A9F884FE3}.Release|Win32.ActiveCfg = Release|Win32
		{221985A8-0F25-0C9A-D76A-E21A9F884FE3}.Release|Win32.Build.0 = Release|Win32
		{DD2CFB1C-06E6-4B81-F381-432323EEBDEE}.Debug|Win32.ActiveCfg = Debug|Win32
		{DD2CFB1C-06E6-4B81-F381-432323EEBDEE}.Debug|Win32.Build.0 = Debug|Win32
		{DD2CFB1C-06E6-4B81-F381-432323EEBDEE}.Release|Win32.ActiveCfg = Release|Win32
		{DD2CFB1C-06E6-4B81-F381-432323EEBDEE}.Release|Win32.Build.0 = Release|Win32
		{C5786CB8-9E74-D58B-CADF-ADFC6719C45C}.Debug|Win32.ActiveCfg = Debug|Win32
		{C5786CB8-9E74-D58B-CADF-ADFC6719C45C}.Debug|Win32.Build.0 = Debug|Win32
		{C5786CB8-9E74-D58B-CADF-ADFC6719C45C}.Release|Win32.ActiveCfg = Release|Win32
		{C5786CB8-9E74-D58B-CADF-ADFC6719C45C}.Release|Win32.Build.0 = Release|Win32
		{404B7CBF-D33C-789A-A10E-8A0CFADA26B6}.Debug|Win32.ActiveCfg = Debug|Win32
		{404B7CBF-D33C-789A-A10E-8A0CFADA26B6}.Debug|Win32.Build.0 = Debug|Win32
		{404B7CBF-D33C-789A-A10E-8A0CFADA26B6}.Release|Win32.ActiveCfg = Release|Win32
		{404B7CBF-D33C-789A-A10E-8A0CFADA26B6}.Release|Win32.Build.0 = Release|Win32
		{A8FFD3B6-C5CB-03E7-A112-6C6432955C18}.Debug|Win32.ActiveCfg = Debug|Win32
		{A8FFD3B6-C5CB-03E7-A112-6C6432955C18}.Debug|Win32.Build.0 = Debug|Win32
		{A8FFD3B6-C5CB-03E7-A112-6C6432955C18}.Release|Win32.ActiveCfg = Release|Win32
		{A8FFD3B6-C5CB-03E7-A112-6C6432955C18}.Release|Win32.Build.0 = Release|Win32
		{DEC0E015-AB18-D4F3-F412-38A9DDEF5E4A}.Debug|Win32.ActiveCfg = Debug|Win32
		{DEC0E015-AB18-D4F3-F412-38A9DDEF5E4A}.Debug|Win32.Build.0 = Debug|Win32
		{DEC0E015-AB18-D4F3-F412-38A9DDEF5E4A}.Release|Win32.ActiveCfg = Release|Win32
		{DEC0E015-AB18-D4F3-F412-38A9DDEF5E4A}.Release|Win32.Build.0 = Release|Win32
		{0E2BDF15-48B7-99F6-B119-F776DF63EFB6}.Debug|Win32.ActiveCfg = Debug|Win32
		{0E2BDF15-48B7-99F6-B119-F776DF63EFB6}.Debug|Win32.Build.0 = Debug|Win32
		{0E2BDF15-48B7-99F6-B119-F776DF63EFB6}.Release|Win32.ActiveCfg = Release|Win32
		{0E2BDF15-48B7-99F6-B119-F776DF63EFB6}.Release|Win32.Build.0 = Release|Win32
		{B35C5A34-AC67-CA22-938B-EA3EBB6EF57F}.Debug|Win32.ActiveCfg = Debug|Win32
		{B35C5A34-AC67-CA22-938B-EA3EBB6EF57F}.Debug|Win32.Build.0 = Debug|Win32
		{B35C5A34-AC67-CA22-938B-EA3EBB6EF57F}.Release|Win32.ActiveCfg = Release|Win32
		{B35C5A34-AC67-CA22-938B-EA3EBB6EF57F}.Release|Win32.Build.0 = Release|Win32
		{E6E4CEA6-61D0-9ACA-2945-34255BB33C18}.Debug|Win32.ActiveCfg = Debug|Win32
		{E6E4CEA6-61D0-9ACA-2945-34255BB33C18}.Debug|Win32.Build.0 = Debug|Win32
		{E6E4CEA6-61D0-9ACA-2945-34255BB33C18}.Release|Win32.ActiveCfg = Release|Win32
		{E6E4CEA6-61D0-9ACA-2945-34255BB33C18}.Release|Win32.Build.0 = Release|Win32
		{704FF0F7-4E05-04AE-DAFA-87D4D783C7EC}.Debug|Win32.ActiveCfg = Debug|Win32
		{704FF0F7-4E05-04AE-DAFA-87D4D783C7EC}.Debug|Win32.Build.0 = Debug|Win32
		{704FF0F7-4E05-04AE-DAFA-87D4D783C7EC}.Release|Win32.ActiveCfg = Release|Win32
		{704FF0F7-4E05-04AE-DAFA-87D4D783C7EC}.Release|Win32.Build.0 = Release|Win32
		{C5910D54-7D4D-959D-99D6-E9BE0B2E12A5}.Debug|Win32.ActiveCfg = Debug|Win32
		{C5910D54-7D4D-959D-99D6-E9BE0B2E12A5}.Debug|Win32.Build.0 = Debug|Win32
		{C5910D54-7D4D-959D-99D6-E9BE0B2E12A5}.Release|Win32.ActiveCfg = Release|Win32
		{C5910D54-7D4D-959D-99D6-E9BE0B2E12A5}.Release|Win32.Build.0 = Release|Win32
		{63458664-7C71-2F1C-AF1A-32307038DF31}.Debug|Win32.ActiveCfg = Debug|Win32
		{63458664-7C71-2F1C-AF1A-32307038DF31}.Debug|Win32.Build.0 = Debug|Win32
		{63458664-7C71-2F1C-AF1A-32307038DF31}.Release|Win32.ActiveCfg = Release|Win32
		{63458664-7C71-2F1C-AF1A-32307038DF31}.Release|Win32.Build.0 = Release|Win32
		{D686EE1C-07E9-3AC0-2C64-C7127DCFF8DE}.Debug|Win32.ActiveCfg = Debug|Win32
		{D686EE1C-07E9-3AC0-2C64-C7127DCFF8DE}.Debug|Win32.Build.0 = Debug|Win32
		{D686EE1C-07E9-3AC0-2C64-C7127DCFF8DE}.Release|Win32.ActiveCfg = Release|Win32
		{D686EE1C-07E9-3AC0-2C64-C7127DCFF8DE}.Release|Win32.Build.0 = Release|Win32
	EndGlobalSection
	GlobalSection(SolutionProperties) = preSolution
		HideSolutionNode = FALSE
	EndGlobalSection
	GlobalSection(NestedProjects) = preSolution
		{D9FD3FB8-A327-CB31-C735-CBF3A21762AC} = {5812E712-6213-4372-B095-9EB9BAA1F2DF}
		{657FE675-1261-5296-441E-89393817CF38} = {5812E712-6213-4372-B095-9EB9BAA1F2DF}
		{FDEBA56D-452A-E6DC-240E-7DA12CEE6FFF} = {5812E712-6213-4372-B095-9EB9BAA1F2DF}
		{12D6E790-81C0-E749-0F4E-F37705F470A9} = {5812E712-6213-4372-B095-9EB9BAA1F2DF}
		{5708AE02-4BEC-5B56-D647-0A8E21687310} = {5812E712-6213-4372-B095-9EB9BAA1F2DF}
		{2F0E3951-79E1-26F6-7D03-14E3818500EF} = {5812E712-6213-4372-B095-9EB9BAA1F2DF}
		{E0F0394D-0AD6-A041-3E67-2328BF33BF1E} = {5812E712-6213-4372-B095-9EB9BAA1F2DF}
		{221985A8-0F25-0C9A-D76A-E21A9F884FE3} = {5812E712-6213-4372-B095-9EB9BAA1F2DF}
		{DD2CFB1C-06E6-4B81-F381-432323EEBDEE} = {5812E712-6213-4372-B095-9EB9BAA1F2DF}
		{C5786CB8-9E74-D58B-CADF-ADFC6719C45C} = {5812E712-6213-4372-B095-9EB9BAA1F2DF}
		{404B7CBF-D33C-789A-A10E-8A0CFADA26B6} = {5812E712-6213-4372-B095-9EB9BAA1F2DF}
		{A8FFD3B6-C5CB-03E7-A112-6C6432955C18} = {5812E712-6213-4372-B095-9EB9BAA1F2DF}
		{DEC0E015-AB18-D4F3-F412-38A9DDEF5E4A} = {5812E712-6213-4372-B095-9EB9BAA1F2DF}
		{0E2BDF15-48B7-99F6-B119-F776DF63EFB6} = {5812E712-6213-4372-B095-9EB9BAA1F2DF}
		{B35C5A34-AC67-CA22-938B-EA3EBB6EF57F} = {5812E712-6213-4372-B095-9EB9BAA1F2DF}
		{E6E4CEA6-61D0-9ACA-2945-34255BB33C18} = {5812E712-6213-4372-B095-9EB9BAA1F2DF}
		{704FF0F7-4E05-04AE-DAFA-87D4D783C7EC} = {5812E712-6213-4372-B095-9EB9BAA1F2DF}
		{C5910D54-7D4D-959D-99D6-E9BE0B2E12A5} = {5812E712-6213-4372-B095-9EB9BAA1F2DF}
		{63458664-7C71-2F1C-AF1A-32307038DF31} = {5812E712-6213-4372-B095-9EB9BAA1F2DF}
		{D686EE1C-07E9-3AC0-2C64-C7127DCFF8DE} = {5812E712-6213-4372-B095-9EB9BAA1F2DF}
	EndGlobalSection
EndGlobal
