Microsoft Visual Studio Solution File, Format Version 11.00
# Visual Studio 2010
Project("{8BC9CEB8-8B4A-11D0-8D11-00A0C91BC942}") = "rpcs3", "rpcs3\rpcs3.vcxproj", "{70CD65B0-91D6-4FAE-9A7B-4AF55D0D1B12}"
	ProjectSection(ProjectDependencies) = postProject
		{4AA8B71C-3026-6980-3B3A-A360F79B9343} = {4AA8B71C-3026-6980-3B3A-A360F79B9343}
		{95184A54-2ACF-C07C-8F37-22D64F28E3E7} = {95184A54-2ACF-C07C-8F37-22D64F28E3E7}
		{0E90E955-8415-91FB-CB6E-B4A7639A96C4} = {0E90E955-8415-91FB-CB6E-B4A7639A96C4}
		{CE46AD61-29D6-2511-918B-34691B704CC1} = {CE46AD61-29D6-2511-918B-34691B704CC1}
		{246EC18F-E163-40C7-8642-76F673028F46} = {246EC18F-E163-40C7-8642-76F673028F46}
		{4CED3D95-7EDC-F4F5-8C00-A4818B893825} = {4CED3D95-7EDC-F4F5-8C00-A4818B893825}
		{1C646DB1-B3D0-5F80-1C8E-2FB58910D876} = {1C646DB1-B3D0-5F80-1C8E-2FB58910D876}
		{97B030BE-83DF-9669-5688-99DE69ECF78C} = {97B030BE-83DF-9669-5688-99DE69ECF78C}
		{F341B9BE-60C1-64E3-8B30-84884962888F} = {F341B9BE-60C1-64E3-8B30-84884962888F}
		{96F97CC0-AF9B-BCE2-C05A-A89EB3FF345F} = {96F97CC0-AF9B-BCE2-C05A-A89EB3FF345F}
		{260989EA-C7F7-EC48-5C07-01E4CCAD7D80} = {260989EA-C7F7-EC48-5C07-01E4CCAD7D80}
		{5C2A5DF3-C48E-3DB7-465D-693E25906C3F} = {5C2A5DF3-C48E-3DB7-465D-693E25906C3F}
	EndProjectSection
EndProject
Project("{2150E333-8FDC-42A3-9474-1A3956D46DE8}") = "wxWidgets", "wxWidgets", "{5812E712-6213-4372-B095-9EB9BAA1F2DF}"
EndProject
Project("{8BC9CEB8-8B4A-11D0-8D11-00A0C91BC942}") = "adv", "wxWidgets\build\msw\wx_adv.vcxproj", "{4CED3D95-7EDC-F4F5-8C00-A4818B893825}"
EndProject
Project("{8BC9CEB8-8B4A-11D0-8D11-00A0C91BC942}") = "aui", "wxWidgets\build\msw\wx_aui.vcxproj", "{260989EA-C7F7-EC48-5C07-01E4CCAD7D80}"
EndProject
Project("{8BC9CEB8-8B4A-11D0-8D11-00A0C91BC942}") = "base", "wxWidgets\build\msw\wx_base.vcxproj", "{4AA8B71C-3026-6980-3B3A-A360F79B9343}"
EndProject
Project("{8BC9CEB8-8B4A-11D0-8D11-00A0C91BC942}") = "core", "wxWidgets\build\msw\wx_core.vcxproj", "{96F97CC0-AF9B-BCE2-C05A-A89EB3FF345F}"
EndProject
Project("{8BC9CEB8-8B4A-11D0-8D11-00A0C91BC942}") = "dbgrid", "wxWidgets\build\msw\wx_dbgrid.vcxproj", "{A4AE822C-57B1-04CC-C5EB-11F4CFDF7FBF}"
EndProject
Project("{8BC9CEB8-8B4A-11D0-8D11-00A0C91BC942}") = "gl", "wxWidgets\build\msw\wx_gl.vcxproj", "{246EC18F-E163-40C7-8642-76F673028F46}"
EndProject
Project("{8BC9CEB8-8B4A-11D0-8D11-00A0C91BC942}") = "html", "wxWidgets\build\msw\wx_html.vcxproj", "{6F97504B-C5EA-AF12-2ACB-71B0CE89319A}"
EndProject
Project("{8BC9CEB8-8B4A-11D0-8D11-00A0C91BC942}") = "media", "wxWidgets\build\msw\wx_media.vcxproj", "{CD2215FB-98BB-8AEA-BE26-4DD08DF13CCB}"
EndProject
Project("{8BC9CEB8-8B4A-11D0-8D11-00A0C91BC942}") = "net", "wxWidgets\build\msw\wx_net.vcxproj", "{AB2A287A-14D1-254B-8BE0-91C1208B8A1A}"
EndProject
Project("{8BC9CEB8-8B4A-11D0-8D11-00A0C91BC942}") = "odbc", "wxWidgets\build\msw\wx_odbc.vcxproj", "{7B028B30-16CF-2265-F56C-8BC8CE4EDDFF}"
EndProject
Project("{8BC9CEB8-8B4A-11D0-8D11-00A0C91BC942}") = "qa", "wxWidgets\build\msw\wx_qa.vcxproj", "{4C1A0330-3EF4-AF8B-EB23-7F04CCE936FF}"
EndProject
Project("{8BC9CEB8-8B4A-11D0-8D11-00A0C91BC942}") = "richtext", "wxWidgets\build\msw\wx_richtext.vcxproj", "{D3E941F3-0121-8E7A-4131-9EE6FDBD6F9A}"
EndProject
Project("{8BC9CEB8-8B4A-11D0-8D11-00A0C91BC942}") = "wxexpat", "wxWidgets\build\msw\wx_wxexpat.vcxproj", "{0E90E955-8415-91FB-CB6E-B4A7639A96C4}"
EndProject
Project("{8BC9CEB8-8B4A-11D0-8D11-00A0C91BC942}") = "wxjpeg", "wxWidgets\build\msw\wx_wxjpeg.vcxproj", "{95184A54-2ACF-C07C-8F37-22D64F28E3E7}"
EndProject
Project("{8BC9CEB8-8B4A-11D0-8D11-00A0C91BC942}") = "wxpng", "wxWidgets\build\msw\wx_wxpng.vcxproj", "{F341B9BE-60C1-64E3-8B30-84884962888F}"
EndProject
Project("{8BC9CEB8-8B4A-11D0-8D11-00A0C91BC942}") = "wxregex", "wxWidgets\build\msw\wx_wxregex.vcxproj", "{CE46AD61-29D6-2511-918B-34691B704CC1}"
EndProject
Project("{8BC9CEB8-8B4A-11D0-8D11-00A0C91BC942}") = "wxtiff", "wxWidgets\build\msw\wx_wxtiff.vcxproj", "{97B030BE-83DF-9669-5688-99DE69ECF78C}"
EndProject
Project("{8BC9CEB8-8B4A-11D0-8D11-00A0C91BC942}") = "wxzlib", "wxWidgets\build\msw\wx_wxzlib.vcxproj", "{5C2A5DF3-C48E-3DB7-465D-693E25906C3F}"
EndProject
Project("{8BC9CEB8-8B4A-11D0-8D11-00A0C91BC942}") = "xml", "wxWidgets\build\msw\wx_xml.vcxproj", "{797512EA-303B-C2E7-1E09-7AFBA497D9BE}"
EndProject
Project("{8BC9CEB8-8B4A-11D0-8D11-00A0C91BC942}") = "xrc", "wxWidgets\build\msw\wx_xrc.vcxproj", "{D7B8FD34-10DD-D1A6-C237-C54C3DFBFA89}"
EndProject
Project("{2150E333-8FDC-42A3-9474-1A3956D46DE8}") = "pthread", "pthread", "{250D2368-6479-4AFD-AC78-D65D803D1DB2}"
EndProject
Project("{8BC9CEB8-8B4A-11D0-8D11-00A0C91BC942}") = "pthread", "pthreads-2.8.0\pthread.vcxproj", "{1C646DB1-B3D0-5F80-1C8E-2FB58910D876}"
EndProject
Global
	GlobalSection(SolutionConfigurationPlatforms) = preSolution
		Debug|Win32 = Debug|Win32
		Debug|x64 = Debug|x64
		Release|Win32 = Release|Win32
		Release|x64 = Release|x64
	EndGlobalSection
	GlobalSection(ProjectConfigurationPlatforms) = postSolution
		{70CD65B0-91D6-4FAE-9A7B-4AF55D0D1B12}.Debug|Win32.ActiveCfg = Debug|Win32
		{70CD65B0-91D6-4FAE-9A7B-4AF55D0D1B12}.Debug|Win32.Build.0 = Debug|Win32
		{70CD65B0-91D6-4FAE-9A7B-4AF55D0D1B12}.Debug|x64.ActiveCfg = Debug|Win32
		{70CD65B0-91D6-4FAE-9A7B-4AF55D0D1B12}.Release|Win32.ActiveCfg = Release|Win32
		{70CD65B0-91D6-4FAE-9A7B-4AF55D0D1B12}.Release|Win32.Build.0 = Release|Win32
		{70CD65B0-91D6-4FAE-9A7B-4AF55D0D1B12}.Release|x64.ActiveCfg = Release|Win32
		{4CED3D95-7EDC-F4F5-8C00-A4818B893825}.Debug|Win32.ActiveCfg = Debug|Win32
		{4CED3D95-7EDC-F4F5-8C00-A4818B893825}.Debug|Win32.Build.0 = Debug|Win32
		{4CED3D95-7EDC-F4F5-8C00-A4818B893825}.Debug|x64.ActiveCfg = Debug|Win32
		{4CED3D95-7EDC-F4F5-8C00-A4818B893825}.Release|Win32.ActiveCfg = Release|Win32
		{4CED3D95-7EDC-F4F5-8C00-A4818B893825}.Release|Win32.Build.0 = Release|Win32
		{4CED3D95-7EDC-F4F5-8C00-A4818B893825}.Release|x64.ActiveCfg = Release|Win32
		{260989EA-C7F7-EC48-5C07-01E4CCAD7D80}.Debug|Win32.ActiveCfg = Debug|Win32
		{260989EA-C7F7-EC48-5C07-01E4CCAD7D80}.Debug|Win32.Build.0 = Debug|Win32
		{260989EA-C7F7-EC48-5C07-01E4CCAD7D80}.Debug|x64.ActiveCfg = Debug|Win32
		{260989EA-C7F7-EC48-5C07-01E4CCAD7D80}.Release|Win32.ActiveCfg = Release|Win32
		{260989EA-C7F7-EC48-5C07-01E4CCAD7D80}.Release|Win32.Build.0 = Release|Win32
		{260989EA-C7F7-EC48-5C07-01E4CCAD7D80}.Release|x64.ActiveCfg = Release|Win32
		{4AA8B71C-3026-6980-3B3A-A360F79B9343}.Debug|Win32.ActiveCfg = Debug|Win32
		{4AA8B71C-3026-6980-3B3A-A360F79B9343}.Debug|Win32.Build.0 = Debug|Win32
		{4AA8B71C-3026-6980-3B3A-A360F79B9343}.Debug|x64.ActiveCfg = Debug|Win32
		{4AA8B71C-3026-6980-3B3A-A360F79B9343}.Release|Win32.ActiveCfg = Release|Win32
		{4AA8B71C-3026-6980-3B3A-A360F79B9343}.Release|Win32.Build.0 = Release|Win32
		{4AA8B71C-3026-6980-3B3A-A360F79B9343}.Release|x64.ActiveCfg = Release|Win32
		{96F97CC0-AF9B-BCE2-C05A-A89EB3FF345F}.Debug|Win32.ActiveCfg = Debug|Win32
		{96F97CC0-AF9B-BCE2-C05A-A89EB3FF345F}.Debug|Win32.Build.0 = Debug|Win32
		{96F97CC0-AF9B-BCE2-C05A-A89EB3FF345F}.Debug|x64.ActiveCfg = Debug|Win32
		{96F97CC0-AF9B-BCE2-C05A-A89EB3FF345F}.Release|Win32.ActiveCfg = Release|Win32
		{96F97CC0-AF9B-BCE2-C05A-A89EB3FF345F}.Release|Win32.Build.0 = Release|Win32
		{96F97CC0-AF9B-BCE2-C05A-A89EB3FF345F}.Release|x64.ActiveCfg = Release|Win32
		{A4AE822C-57B1-04CC-C5EB-11F4CFDF7FBF}.Debug|Win32.ActiveCfg = Debug|Win32
		{A4AE822C-57B1-04CC-C5EB-11F4CFDF7FBF}.Debug|Win32.Build.0 = Debug|Win32
		{A4AE822C-57B1-04CC-C5EB-11F4CFDF7FBF}.Debug|x64.ActiveCfg = Debug|Win32
		{A4AE822C-57B1-04CC-C5EB-11F4CFDF7FBF}.Release|Win32.ActiveCfg = Release|Win32
		{A4AE822C-57B1-04CC-C5EB-11F4CFDF7FBF}.Release|Win32.Build.0 = Release|Win32
		{A4AE822C-57B1-04CC-C5EB-11F4CFDF7FBF}.Release|x64.ActiveCfg = Release|Win32
		{246EC18F-E163-40C7-8642-76F673028F46}.Debug|Win32.ActiveCfg = Debug|Win32
		{246EC18F-E163-40C7-8642-76F673028F46}.Debug|Win32.Build.0 = Debug|Win32
		{246EC18F-E163-40C7-8642-76F673028F46}.Debug|x64.ActiveCfg = Debug|Win32
		{246EC18F-E163-40C7-8642-76F673028F46}.Release|Win32.ActiveCfg = Release|Win32
		{246EC18F-E163-40C7-8642-76F673028F46}.Release|Win32.Build.0 = Release|Win32
		{246EC18F-E163-40C7-8642-76F673028F46}.Release|x64.ActiveCfg = Release|Win32
		{6F97504B-C5EA-AF12-2ACB-71B0CE89319A}.Debug|Win32.ActiveCfg = Debug|Win32
		{6F97504B-C5EA-AF12-2ACB-71B0CE89319A}.Debug|Win32.Build.0 = Debug|Win32
		{6F97504B-C5EA-AF12-2ACB-71B0CE89319A}.Debug|x64.ActiveCfg = Debug|Win32
		{6F97504B-C5EA-AF12-2ACB-71B0CE89319A}.Release|Win32.ActiveCfg = Release|Win32
		{6F97504B-C5EA-AF12-2ACB-71B0CE89319A}.Release|Win32.Build.0 = Release|Win32
		{6F97504B-C5EA-AF12-2ACB-71B0CE89319A}.Release|x64.ActiveCfg = Release|Win32
		{CD2215FB-98BB-8AEA-BE26-4DD08DF13CCB}.Debug|Win32.ActiveCfg = Debug|Win32
		{CD2215FB-98BB-8AEA-BE26-4DD08DF13CCB}.Debug|Win32.Build.0 = Debug|Win32
		{CD2215FB-98BB-8AEA-BE26-4DD08DF13CCB}.Debug|x64.ActiveCfg = Debug|Win32
		{CD2215FB-98BB-8AEA-BE26-4DD08DF13CCB}.Release|Win32.ActiveCfg = Release|Win32
		{CD2215FB-98BB-8AEA-BE26-4DD08DF13CCB}.Release|Win32.Build.0 = Release|Win32
		{CD2215FB-98BB-8AEA-BE26-4DD08DF13CCB}.Release|x64.ActiveCfg = Release|Win32
		{AB2A287A-14D1-254B-8BE0-91C1208B8A1A}.Debug|Win32.ActiveCfg = Debug|Win32
		{AB2A287A-14D1-254B-8BE0-91C1208B8A1A}.Debug|Win32.Build.0 = Debug|Win32
		{AB2A287A-14D1-254B-8BE0-91C1208B8A1A}.Debug|x64.ActiveCfg = Debug|Win32
		{AB2A287A-14D1-254B-8BE0-91C1208B8A1A}.Release|Win32.ActiveCfg = Release|Win32
		{AB2A287A-14D1-254B-8BE0-91C1208B8A1A}.Release|Win32.Build.0 = Release|Win32
		{AB2A287A-14D1-254B-8BE0-91C1208B8A1A}.Release|x64.ActiveCfg = Release|Win32
		{7B028B30-16CF-2265-F56C-8BC8CE4EDDFF}.Debug|Win32.ActiveCfg = Debug|Win32
		{7B028B30-16CF-2265-F56C-8BC8CE4EDDFF}.Debug|Win32.Build.0 = Debug|Win32
		{7B028B30-16CF-2265-F56C-8BC8CE4EDDFF}.Debug|x64.ActiveCfg = Debug|Win32
		{7B028B30-16CF-2265-F56C-8BC8CE4EDDFF}.Release|Win32.ActiveCfg = Release|Win32
		{7B028B30-16CF-2265-F56C-8BC8CE4EDDFF}.Release|Win32.Build.0 = Release|Win32
		{7B028B30-16CF-2265-F56C-8BC8CE4EDDFF}.Release|x64.ActiveCfg = Release|Win32
		{4C1A0330-3EF4-AF8B-EB23-7F04CCE936FF}.Debug|Win32.ActiveCfg = Debug|Win32
		{4C1A0330-3EF4-AF8B-EB23-7F04CCE936FF}.Debug|Win32.Build.0 = Debug|Win32
		{4C1A0330-3EF4-AF8B-EB23-7F04CCE936FF}.Debug|x64.ActiveCfg = Debug|Win32
		{4C1A0330-3EF4-AF8B-EB23-7F04CCE936FF}.Release|Win32.ActiveCfg = Release|Win32
		{4C1A0330-3EF4-AF8B-EB23-7F04CCE936FF}.Release|Win32.Build.0 = Release|Win32
		{4C1A0330-3EF4-AF8B-EB23-7F04CCE936FF}.Release|x64.ActiveCfg = Release|Win32
		{D3E941F3-0121-8E7A-4131-9EE6FDBD6F9A}.Debug|Win32.ActiveCfg = Debug|Win32
		{D3E941F3-0121-8E7A-4131-9EE6FDBD6F9A}.Debug|Win32.Build.0 = Debug|Win32
		{D3E941F3-0121-8E7A-4131-9EE6FDBD6F9A}.Debug|x64.ActiveCfg = Debug|Win32
		{D3E941F3-0121-8E7A-4131-9EE6FDBD6F9A}.Release|Win32.ActiveCfg = Release|Win32
		{D3E941F3-0121-8E7A-4131-9EE6FDBD6F9A}.Release|Win32.Build.0 = Release|Win32
		{D3E941F3-0121-8E7A-4131-9EE6FDBD6F9A}.Release|x64.ActiveCfg = Release|Win32
		{0E90E955-8415-91FB-CB6E-B4A7639A96C4}.Debug|Win32.ActiveCfg = Debug|Win32
		{0E90E955-8415-91FB-CB6E-B4A7639A96C4}.Debug|Win32.Build.0 = Debug|Win32
		{0E90E955-8415-91FB-CB6E-B4A7639A96C4}.Debug|x64.ActiveCfg = Debug|Win32
		{0E90E955-8415-91FB-CB6E-B4A7639A96C4}.Release|Win32.ActiveCfg = Release|Win32
		{0E90E955-8415-91FB-CB6E-B4A7639A96C4}.Release|Win32.Build.0 = Release|Win32
		{0E90E955-8415-91FB-CB6E-B4A7639A96C4}.Release|x64.ActiveCfg = Release|Win32
		{95184A54-2ACF-C07C-8F37-22D64F28E3E7}.Debug|Win32.ActiveCfg = Debug|Win32
		{95184A54-2ACF-C07C-8F37-22D64F28E3E7}.Debug|Win32.Build.0 = Debug|Win32
		{95184A54-2ACF-C07C-8F37-22D64F28E3E7}.Debug|x64.ActiveCfg = Debug|Win32
		{95184A54-2ACF-C07C-8F37-22D64F28E3E7}.Release|Win32.ActiveCfg = Release|Win32
		{95184A54-2ACF-C07C-8F37-22D64F28E3E7}.Release|Win32.Build.0 = Release|Win32
		{95184A54-2ACF-C07C-8F37-22D64F28E3E7}.Release|x64.ActiveCfg = Release|Win32
		{F341B9BE-60C1-64E3-8B30-84884962888F}.Debug|Win32.ActiveCfg = Debug|Win32
		{F341B9BE-60C1-64E3-8B30-84884962888F}.Debug|Win32.Build.0 = Debug|Win32
		{F341B9BE-60C1-64E3-8B30-84884962888F}.Debug|x64.ActiveCfg = Debug|Win32
		{F341B9BE-60C1-64E3-8B30-84884962888F}.Release|Win32.ActiveCfg = Release|Win32
		{F341B9BE-60C1-64E3-8B30-84884962888F}.Release|Win32.Build.0 = Release|Win32
		{F341B9BE-60C1-64E3-8B30-84884962888F}.Release|x64.ActiveCfg = Release|Win32
		{CE46AD61-29D6-2511-918B-34691B704CC1}.Debug|Win32.ActiveCfg = Debug|Win32
		{CE46AD61-29D6-2511-918B-34691B704CC1}.Debug|Win32.Build.0 = Debug|Win32
		{CE46AD61-29D6-2511-918B-34691B704CC1}.Debug|x64.ActiveCfg = Debug|Win32
		{CE46AD61-29D6-2511-918B-34691B704CC1}.Release|Win32.ActiveCfg = Release|Win32
		{CE46AD61-29D6-2511-918B-34691B704CC1}.Release|Win32.Build.0 = Release|Win32
		{CE46AD61-29D6-2511-918B-34691B704CC1}.Release|x64.ActiveCfg = Release|Win32
		{97B030BE-83DF-9669-5688-99DE69ECF78C}.Debug|Win32.ActiveCfg = Debug|Win32
		{97B030BE-83DF-9669-5688-99DE69ECF78C}.Debug|Win32.Build.0 = Debug|Win32
		{97B030BE-83DF-9669-5688-99DE69ECF78C}.Debug|x64.ActiveCfg = Debug|Win32
		{97B030BE-83DF-9669-5688-99DE69ECF78C}.Release|Win32.ActiveCfg = Release|Win32
		{97B030BE-83DF-9669-5688-99DE69ECF78C}.Release|Win32.Build.0 = Release|Win32
		{97B030BE-83DF-9669-5688-99DE69ECF78C}.Release|x64.ActiveCfg = Release|Win32
		{5C2A5DF3-C48E-3DB7-465D-693E25906C3F}.Debug|Win32.ActiveCfg = Debug|Win32
		{5C2A5DF3-C48E-3DB7-465D-693E25906C3F}.Debug|Win32.Build.0 = Debug|Win32
		{5C2A5DF3-C48E-3DB7-465D-693E25906C3F}.Debug|x64.ActiveCfg = Debug|Win32
		{5C2A5DF3-C48E-3DB7-465D-693E25906C3F}.Release|Win32.ActiveCfg = Release|Win32
		{5C2A5DF3-C48E-3DB7-465D-693E25906C3F}.Release|Win32.Build.0 = Release|Win32
		{5C2A5DF3-C48E-3DB7-465D-693E25906C3F}.Release|x64.ActiveCfg = Release|Win32
		{797512EA-303B-C2E7-1E09-7AFBA497D9BE}.Debug|Win32.ActiveCfg = Debug|Win32
		{797512EA-303B-C2E7-1E09-7AFBA497D9BE}.Debug|Win32.Build.0 = Debug|Win32
		{797512EA-303B-C2E7-1E09-7AFBA497D9BE}.Debug|x64.ActiveCfg = Debug|Win32
		{797512EA-303B-C2E7-1E09-7AFBA497D9BE}.Release|Win32.ActiveCfg = Release|Win32
		{797512EA-303B-C2E7-1E09-7AFBA497D9BE}.Release|Win32.Build.0 = Release|Win32
		{797512EA-303B-C2E7-1E09-7AFBA497D9BE}.Release|x64.ActiveCfg = Release|Win32
		{D7B8FD34-10DD-D1A6-C237-C54C3DFBFA89}.Debug|Win32.ActiveCfg = Debug|Win32
		{D7B8FD34-10DD-D1A6-C237-C54C3DFBFA89}.Debug|Win32.Build.0 = Debug|Win32
		{D7B8FD34-10DD-D1A6-C237-C54C3DFBFA89}.Debug|x64.ActiveCfg = Debug|Win32
		{D7B8FD34-10DD-D1A6-C237-C54C3DFBFA89}.Release|Win32.ActiveCfg = Release|Win32
		{D7B8FD34-10DD-D1A6-C237-C54C3DFBFA89}.Release|Win32.Build.0 = Release|Win32
		{D7B8FD34-10DD-D1A6-C237-C54C3DFBFA89}.Release|x64.ActiveCfg = Release|Win32
		{1C646DB1-B3D0-5F80-1C8E-2FB58910D876}.Debug|Win32.ActiveCfg = Debug|Win32
		{1C646DB1-B3D0-5F80-1C8E-2FB58910D876}.Debug|Win32.Build.0 = Debug|Win32
		{1C646DB1-B3D0-5F80-1C8E-2FB58910D876}.Debug|x64.ActiveCfg = Debug|Win32
		{1C646DB1-B3D0-5F80-1C8E-2FB58910D876}.Release|Win32.ActiveCfg = Release|Win32
		{1C646DB1-B3D0-5F80-1C8E-2FB58910D876}.Release|Win32.Build.0 = Release|Win32
		{1C646DB1-B3D0-5F80-1C8E-2FB58910D876}.Release|x64.ActiveCfg = Release|Win32
	EndGlobalSection
	GlobalSection(SolutionProperties) = preSolution
		HideSolutionNode = FALSE
	EndGlobalSection
	GlobalSection(NestedProjects) = preSolution
		{4CED3D95-7EDC-F4F5-8C00-A4818B893825} = {5812E712-6213-4372-B095-9EB9BAA1F2DF}
		{260989EA-C7F7-EC48-5C07-01E4CCAD7D80} = {5812E712-6213-4372-B095-9EB9BAA1F2DF}
		{4AA8B71C-3026-6980-3B3A-A360F79B9343} = {5812E712-6213-4372-B095-9EB9BAA1F2DF}
		{96F97CC0-AF9B-BCE2-C05A-A89EB3FF345F} = {5812E712-6213-4372-B095-9EB9BAA1F2DF}
		{A4AE822C-57B1-04CC-C5EB-11F4CFDF7FBF} = {5812E712-6213-4372-B095-9EB9BAA1F2DF}
		{246EC18F-E163-40C7-8642-76F673028F46} = {5812E712-6213-4372-B095-9EB9BAA1F2DF}
		{6F97504B-C5EA-AF12-2ACB-71B0CE89319A} = {5812E712-6213-4372-B095-9EB9BAA1F2DF}
		{CD2215FB-98BB-8AEA-BE26-4DD08DF13CCB} = {5812E712-6213-4372-B095-9EB9BAA1F2DF}
		{AB2A287A-14D1-254B-8BE0-91C1208B8A1A} = {5812E712-6213-4372-B095-9EB9BAA1F2DF}
		{7B028B30-16CF-2265-F56C-8BC8CE4EDDFF} = {5812E712-6213-4372-B095-9EB9BAA1F2DF}
		{4C1A0330-3EF4-AF8B-EB23-7F04CCE936FF} = {5812E712-6213-4372-B095-9EB9BAA1F2DF}
		{D3E941F3-0121-8E7A-4131-9EE6FDBD6F9A} = {5812E712-6213-4372-B095-9EB9BAA1F2DF}
		{0E90E955-8415-91FB-CB6E-B4A7639A96C4} = {5812E712-6213-4372-B095-9EB9BAA1F2DF}
		{95184A54-2ACF-C07C-8F37-22D64F28E3E7} = {5812E712-6213-4372-B095-9EB9BAA1F2DF}
		{F341B9BE-60C1-64E3-8B30-84884962888F} = {5812E712-6213-4372-B095-9EB9BAA1F2DF}
		{CE46AD61-29D6-2511-918B-34691B704CC1} = {5812E712-6213-4372-B095-9EB9BAA1F2DF}
		{97B030BE-83DF-9669-5688-99DE69ECF78C} = {5812E712-6213-4372-B095-9EB9BAA1F2DF}
		{5C2A5DF3-C48E-3DB7-465D-693E25906C3F} = {5812E712-6213-4372-B095-9EB9BAA1F2DF}
		{797512EA-303B-C2E7-1E09-7AFBA497D9BE} = {5812E712-6213-4372-B095-9EB9BAA1F2DF}
		{D7B8FD34-10DD-D1A6-C237-C54C3DFBFA89} = {5812E712-6213-4372-B095-9EB9BAA1F2DF}
		{1C646DB1-B3D0-5F80-1C8E-2FB58910D876} = {250D2368-6479-4AFD-AC78-D65D803D1DB2}
	EndGlobalSection
EndGlobal
