<?xml version="1.0" encoding="utf-8"?>
<Project ToolsVersion="4.0" xmlns="http://schemas.microsoft.com/developer/msbuild/2003">
  <ItemGroup>
    <Filter Include="Emu">
      <UniqueIdentifier>{29c70b04-59a5-4d5b-98f9-3584df137ed1}</UniqueIdentifier>
    </Filter>
    <Filter Include="Gui">
      <UniqueIdentifier>{98fb6fa5-9a9a-48a6-a6b4-be4b9a69b76e}</UniqueIdentifier>
    </Filter>
    <Filter Include="rpcs3">
      <UniqueIdentifier>{47155d25-741d-42c0-8850-f22aafca082a}</UniqueIdentifier>
    </Filter>
    <Filter Include="Emu\SysCalls">
      <UniqueIdentifier>{f306c137-6d2c-4e21-ba79-ac87d0ded22c}</UniqueIdentifier>
    </Filter>
    <Filter Include="Emu\SysCalls\lv2">
      <UniqueIdentifier>{adfec460-d940-4482-9fdb-18cb0814c3d5}</UniqueIdentifier>
    </Filter>
  </ItemGroup>
  <ItemGroup>
    <ClCompile Include="rpcs3.cpp">
      <Filter>rpcs3</Filter>
    </ClCompile>
    <ClCompile Include="stdafx.cpp">
      <Filter>rpcs3</Filter>
    </ClCompile>
    <ClCompile Include="Gui\MainFrame.cpp">
      <Filter>Gui</Filter>
    </ClCompile>
    <ClCompile Include="Gui\ConLog.cpp">
      <Filter>Gui</Filter>
    </ClCompile>
    <ClCompile Include="Emu\Memory\Memory.cpp">
      <Filter>Emu</Filter>
    </ClCompile>
    <ClCompile Include="Emu\ElfLoader.cpp">
      <Filter>Emu</Filter>
    </ClCompile>
    <ClCompile Include="Gui\MemoryViewer.cpp">
      <Filter>Gui</Filter>
    </ClCompile>
    <ClCompile Include="Gui\DisAsmFrame.cpp">
      <Filter>Gui</Filter>
    </ClCompile>
    <ClCompile Include="Emu\System.cpp">
      <Filter>Emu</Filter>
    </ClCompile>
    <ClCompile Include="Emu\Cell\CPU.cpp">
      <Filter>Emu</Filter>
    </ClCompile>
    <ClCompile Include="Emu\Display\Display.cpp">
      <Filter>Emu</Filter>
    </ClCompile>
    <ClCompile Include="Ini.cpp">
      <Filter>rpcs3</Filter>
    </ClCompile>
    <ClCompile Include="Emu\SysCalls\lv2\SC_FileSystem.cpp">
      <Filter>Emu\SysCalls\lv2</Filter>
    </ClCompile>
    <ClCompile Include="Emu\SysCalls\lv2\SC_Memory.cpp">
      <Filter>Emu\SysCalls\lv2</Filter>
    </ClCompile>
    <ClCompile Include="Gui\CompilerELF.cpp">
      <Filter>Gui</Filter>
    </ClCompile>
  </ItemGroup>
  <ItemGroup>
    <ResourceCompile Include="rpcs3.rc" />
  </ItemGroup>
</Project>